// !$*UTF8*$!
{
	archiveVersion = 1;
	classes = {
	};
	objectVersion = 48;
	objects = {

/* Begin PBXBuildFile section */
		73C292F21FFEA58600A018EF /* AppDelegate.swift in Sources */ = {isa = PBXBuildFile; fileRef = 73C292F11FFEA58500A018EF /* AppDelegate.swift */; };
		73C292F41FFEA58700A018EF /* ViewController.swift in Sources */ = {isa = PBXBuildFile; fileRef = 73C292F31FFEA58700A018EF /* ViewController.swift */; };
		73C292F71FFEA58700A018EF /* Main.storyboard in Resources */ = {isa = PBXBuildFile; fileRef = 73C292F51FFEA58700A018EF /* Main.storyboard */; };
		73C292F91FFEA58800A018EF /* Assets.xcassets in Resources */ = {isa = PBXBuildFile; fileRef = 73C292F81FFEA58700A018EF /* Assets.xcassets */; };
		73C292FC1FFEA58800A018EF /* LaunchScreen.storyboard in Resources */ = {isa = PBXBuildFile; fileRef = 73C292FA1FFEA58800A018EF /* LaunchScreen.storyboard */; };
		73C293071FFEA58800A018EF /* TippyTests.swift in Sources */ = {isa = PBXBuildFile; fileRef = 73C293061FFEA58800A018EF /* TippyTests.swift */; };
		73C293121FFEA58800A018EF /* TippyUITests.swift in Sources */ = {isa = PBXBuildFile; fileRef = 73C293111FFEA58800A018EF /* TippyUITests.swift */; };
		73C2932A200189F200A018EF /* panton in Resources */ = {isa = PBXBuildFile; fileRef = 73C29329200189F200A018EF /* panton */; };
		73C2932D20018A2300A018EF /* Panton-LightCaps.otf in Resources */ = {isa = PBXBuildFile; fileRef = 73C2932B20018A2200A018EF /* Panton-LightCaps.otf */; };
		73C2932E20018A2300A018EF /* Panton-LightitalicCaps.otf in Resources */ = {isa = PBXBuildFile; fileRef = 73C2932C20018A2300A018EF /* Panton-LightitalicCaps.otf */; };
/* End PBXBuildFile section */

/* Begin PBXContainerItemProxy section */
		73C293031FFEA58800A018EF /* PBXContainerItemProxy */ = {
			isa = PBXContainerItemProxy;
			containerPortal = 73C292E61FFEA58500A018EF /* Project object */;
			proxyType = 1;
			remoteGlobalIDString = 73C292ED1FFEA58500A018EF;
			remoteInfo = Tippy;
		};
		73C2930E1FFEA58800A018EF /* PBXContainerItemProxy */ = {
			isa = PBXContainerItemProxy;
			containerPortal = 73C292E61FFEA58500A018EF /* Project object */;
			proxyType = 1;
			remoteGlobalIDString = 73C292ED1FFEA58500A018EF;
			remoteInfo = Tippy;
		};
/* End PBXContainerItemProxy section */

/* Begin PBXFileReference section */
		73C292EE1FFEA58500A018EF /* Tippy.app */ = {isa = PBXFileReference; explicitFileType = wrapper.application; includeInIndex = 0; path = Tippy.app; sourceTree = BUILT_PRODUCTS_DIR; };
		73C292F11FFEA58500A018EF /* AppDelegate.swift */ = {isa = PBXFileReference; lastKnownFileType = sourcecode.swift; path = AppDelegate.swift; sourceTree = "<group>"; };
		73C292F31FFEA58700A018EF /* ViewController.swift */ = {isa = PBXFileReference; lastKnownFileType = sourcecode.swift; path = ViewController.swift; sourceTree = "<group>"; };
		73C292F61FFEA58700A018EF /* Base */ = {isa = PBXFileReference; lastKnownFileType = file.storyboard; name = Base; path = Base.lproj/Main.storyboard; sourceTree = "<group>"; };
		73C292F81FFEA58700A018EF /* Assets.xcassets */ = {isa = PBXFileReference; lastKnownFileType = folder.assetcatalog; path = Assets.xcassets; sourceTree = "<group>"; };
		73C292FB1FFEA58800A018EF /* Base */ = {isa = PBXFileReference; lastKnownFileType = file.storyboard; name = Base; path = Base.lproj/LaunchScreen.storyboard; sourceTree = "<group>"; };
		73C292FD1FFEA58800A018EF /* Info.plist */ = {isa = PBXFileReference; lastKnownFileType = text.plist.xml; path = Info.plist; sourceTree = "<group>"; };
		73C293021FFEA58800A018EF /* TippyTests.xctest */ = {isa = PBXFileReference; explicitFileType = wrapper.cfbundle; includeInIndex = 0; path = TippyTests.xctest; sourceTree = BUILT_PRODUCTS_DIR; };
		73C293061FFEA58800A018EF /* TippyTests.swift */ = {isa = PBXFileReference; lastKnownFileType = sourcecode.swift; path = TippyTests.swift; sourceTree = "<group>"; };
		73C293081FFEA58800A018EF /* Info.plist */ = {isa = PBXFileReference; lastKnownFileType = text.plist.xml; path = Info.plist; sourceTree = "<group>"; };
		73C2930D1FFEA58800A018EF /* TippyUITests.xctest */ = {isa = PBXFileReference; explicitFileType = wrapper.cfbundle; includeInIndex = 0; path = TippyUITests.xctest; sourceTree = BUILT_PRODUCTS_DIR; };
		73C293111FFEA58800A018EF /* TippyUITests.swift */ = {isa = PBXFileReference; lastKnownFileType = sourcecode.swift; path = TippyUITests.swift; sourceTree = "<group>"; };
		73C293131FFEA58800A018EF /* Info.plist */ = {isa = PBXFileReference; lastKnownFileType = text.plist.xml; path = Info.plist; sourceTree = "<group>"; };
		73C29329200189F200A018EF /* panton */ = {isa = PBXFileReference; lastKnownFileType = folder; path = panton; sourceTree = "<group>"; };
		73C2932B20018A2200A018EF /* Panton-LightCaps.otf */ = {isa = PBXFileReference; lastKnownFileType = file; path = "Panton-LightCaps.otf"; sourceTree = "<group>"; };
		73C2932C20018A2300A018EF /* Panton-LightitalicCaps.otf */ = {isa = PBXFileReference; lastKnownFileType = file; path = "Panton-LightitalicCaps.otf"; sourceTree = "<group>"; };
/* End PBXFileReference section */

/* Begin PBXFrameworksBuildPhase section */
		73C292EB1FFEA58500A018EF /* Frameworks */ = {
			isa = PBXFrameworksBuildPhase;
			buildActionMask = 2147483647;
			files = (
			);
			runOnlyForDeploymentPostprocessing = 0;
		};
		73C292FF1FFEA58800A018EF /* Frameworks */ = {
			isa = PBXFrameworksBuildPhase;
			buildActionMask = 2147483647;
			files = (
			);
			runOnlyForDeploymentPostprocessing = 0;
		};
		73C2930A1FFEA58800A018EF /* Frameworks */ = {
			isa = PBXFrameworksBuildPhase;
			buildActionMask = 2147483647;
			files = (
			);
			runOnlyForDeploymentPostprocessing = 0;
		};
/* End PBXFrameworksBuildPhase section */

/* Begin PBXGroup section */
		73C292E51FFEA58500A018EF = {
			isa = PBXGroup;
			children = (
				73C2932B20018A2200A018EF /* Panton-LightCaps.otf */,
				73C2932C20018A2300A018EF /* Panton-LightitalicCaps.otf */,
				73C292F01FFEA58500A018EF /* Tippy */,
				73C293051FFEA58800A018EF /* TippyTests */,
				73C293101FFEA58800A018EF /* TippyUITests */,
				73C292EF1FFEA58500A018EF /* Products */,
			);
			sourceTree = "<group>";
		};
		73C292EF1FFEA58500A018EF /* Products */ = {
			isa = PBXGroup;
			children = (
				73C292EE1FFEA58500A018EF /* Tippy.app */,
				73C293021FFEA58800A018EF /* TippyTests.xctest */,
				73C2930D1FFEA58800A018EF /* TippyUITests.xctest */,
			);
			name = Products;
			sourceTree = "<group>";
		};
		73C292F01FFEA58500A018EF /* Tippy */ = {
			isa = PBXGroup;
			children = (
				73C29329200189F200A018EF /* panton */,
				73C292F11FFEA58500A018EF /* AppDelegate.swift */,
				73C292F31FFEA58700A018EF /* ViewController.swift */,
				73C292F51FFEA58700A018EF /* Main.storyboard */,
				73C292F81FFEA58700A018EF /* Assets.xcassets */,
				73C292FA1FFEA58800A018EF /* LaunchScreen.storyboard */,
				73C292FD1FFEA58800A018EF /* Info.plist */,
			);
			path = Tippy;
			sourceTree = "<group>";
		};
		73C293051FFEA58800A018EF /* TippyTests */ = {
			isa = PBXGroup;
			children = (
				73C293061FFEA58800A018EF /* TippyTests.swift */,
				73C293081FFEA58800A018EF /* Info.plist */,
			);
			path = TippyTests;
			sourceTree = "<group>";
		};
		73C293101FFEA58800A018EF /* TippyUITests */ = {
			isa = PBXGroup;
			children = (
				73C293111FFEA58800A018EF /* TippyUITests.swift */,
				73C293131FFEA58800A018EF /* Info.plist */,
			);
			path = TippyUITests;
			sourceTree = "<group>";
		};
/* End PBXGroup section */

/* Begin PBXNativeTarget section */
		73C292ED1FFEA58500A018EF /* Tippy */ = {
			isa = PBXNativeTarget;
			buildConfigurationList = 73C293161FFEA58900A018EF /* Build configuration list for PBXNativeTarget "Tippy" */;
			buildPhases = (
				73C292EA1FFEA58500A018EF /* Sources */,
				73C292EB1FFEA58500A018EF /* Frameworks */,
				73C292EC1FFEA58500A018EF /* Resources */,
			);
			buildRules = (
			);
			dependencies = (
			);
			name = Tippy;
			productName = Tippy;
			productReference = 73C292EE1FFEA58500A018EF /* Tippy.app */;
			productType = "com.apple.product-type.application";
		};
		73C293011FFEA58800A018EF /* TippyTests */ = {
			isa = PBXNativeTarget;
			buildConfigurationList = 73C293191FFEA58900A018EF /* Build configuration list for PBXNativeTarget "TippyTests" */;
			buildPhases = (
				73C292FE1FFEA58800A018EF /* Sources */,
				73C292FF1FFEA58800A018EF /* Frameworks */,
				73C293001FFEA58800A018EF /* Resources */,
			);
			buildRules = (
			);
			dependencies = (
				73C293041FFEA58800A018EF /* PBXTargetDependency */,
			);
			name = TippyTests;
			productName = TippyTests;
			productReference = 73C293021FFEA58800A018EF /* TippyTests.xctest */;
			productType = "com.apple.product-type.bundle.unit-test";
		};
		73C2930C1FFEA58800A018EF /* TippyUITests */ = {
			isa = PBXNativeTarget;
			buildConfigurationList = 73C2931C1FFEA58900A018EF /* Build configuration list for PBXNativeTarget "TippyUITests" */;
			buildPhases = (
				73C293091FFEA58800A018EF /* Sources */,
				73C2930A1FFEA58800A018EF /* Frameworks */,
				73C2930B1FFEA58800A018EF /* Resources */,
			);
			buildRules = (
			);
			dependencies = (
				73C2930F1FFEA58800A018EF /* PBXTargetDependency */,
			);
			name = TippyUITests;
			productName = TippyUITests;
			productReference = 73C2930D1FFEA58800A018EF /* TippyUITests.xctest */;
			productType = "com.apple.product-type.bundle.ui-testing";
		};
/* End PBXNativeTarget section */

/* Begin PBXProject section */
		73C292E61FFEA58500A018EF /* Project object */ = {
			isa = PBXProject;
			attributes = {
				LastSwiftUpdateCheck = 0920;
				LastUpgradeCheck = 0920;
				ORGANIZATIONNAME = "Paolo Martinez";
				TargetAttributes = {
					73C292ED1FFEA58500A018EF = {
						CreatedOnToolsVersion = 9.2;
						ProvisioningStyle = Automatic;
					};
					73C293011FFEA58800A018EF = {
						CreatedOnToolsVersion = 9.2;
						ProvisioningStyle = Automatic;
						TestTargetID = 73C292ED1FFEA58500A018EF;
					};
					73C2930C1FFEA58800A018EF = {
						CreatedOnToolsVersion = 9.2;
						ProvisioningStyle = Automatic;
						TestTargetID = 73C292ED1FFEA58500A018EF;
					};
				};
			};
			buildConfigurationList = 73C292E91FFEA58500A018EF /* Build configuration list for PBXProject "Tippy" */;
			compatibilityVersion = "Xcode 8.0";
			developmentRegion = en;
			hasScannedForEncodings = 0;
			knownRegions = (
				en,
				Base,
			);
			mainGroup = 73C292E51FFEA58500A018EF;
			productRefGroup = 73C292EF1FFEA58500A018EF /* Products */;
			projectDirPath = "";
			projectRoot = "";
			targets = (
				73C292ED1FFEA58500A018EF /* Tippy */,
				73C293011FFEA58800A018EF /* TippyTests */,
				73C2930C1FFEA58800A018EF /* TippyUITests */,
			);
		};
/* End PBXProject section */

/* Begin PBXResourcesBuildPhase section */
		73C292EC1FFEA58500A018EF /* Resources */ = {
			isa = PBXResourcesBuildPhase;
			buildActionMask = 2147483647;
			files = (
				73C292FC1FFEA58800A018EF /* LaunchScreen.storyboard in Resources */,
				73C292F91FFEA58800A018EF /* Assets.xcassets in Resources */,
				73C2932A200189F200A018EF /* panton in Resources */,
				73C292F71FFEA58700A018EF /* Main.storyboard in Resources */,
				73C2932D20018A2300A018EF /* Panton-LightCaps.otf in Resources */,
				73C2932E20018A2300A018EF /* Panton-LightitalicCaps.otf in Resources */,
			);
			runOnlyForDeploymentPostprocessing = 0;
		};
		73C293001FFEA58800A018EF /* Resources */ = {
			isa = PBXResourcesBuildPhase;
			buildActionMask = 2147483647;
			files = (
			);
			runOnlyForDeploymentPostprocessing = 0;
		};
		73C2930B1FFEA58800A018EF /* Resources */ = {
			isa = PBXResourcesBuildPhase;
			buildActionMask = 2147483647;
			files = (
			);
			runOnlyForDeploymentPostprocessing = 0;
		};
/* End PBXResourcesBuildPhase section */

/* Begin PBXSourcesBuildPhase section */
		73C292EA1FFEA58500A018EF /* Sources */ = {
			isa = PBXSourcesBuildPhase;
			buildActionMask = 2147483647;
			files = (
				73C292F41FFEA58700A018EF /* ViewController.swift in Sources */,
				73C292F21FFEA58600A018EF /* AppDelegate.swift in Sources */,
			);
			runOnlyForDeploymentPostprocessing = 0;
		};
		73C292FE1FFEA58800A018EF /* Sources */ = {
			isa = PBXSourcesBuildPhase;
			buildActionMask = 2147483647;
			files = (
				73C293071FFEA58800A018EF /* TippyTests.swift in Sources */,
			);
			runOnlyForDeploymentPostprocessing = 0;
		};
		73C293091FFEA58800A018EF /* Sources */ = {
			isa = PBXSourcesBuildPhase;
			buildActionMask = 2147483647;
			files = (
				73C293121FFEA58800A018EF /* TippyUITests.swift in Sources */,
			);
			runOnlyForDeploymentPostprocessing = 0;
		};
/* End PBXSourcesBuildPhase section */

/* Begin PBXTargetDependency section */
		73C293041FFEA58800A018EF /* PBXTargetDependency */ = {
			isa = PBXTargetDependency;
			target = 73C292ED1FFEA58500A018EF /* Tippy */;
			targetProxy = 73C293031FFEA58800A018EF /* PBXContainerItemProxy */;
		};
		73C2930F1FFEA58800A018EF /* PBXTargetDependency */ = {
			isa = PBXTargetDependency;
			target = 73C292ED1FFEA58500A018EF /* Tippy */;
			targetProxy = 73C2930E1FFEA58800A018EF /* PBXContainerItemProxy */;
		};
/* End PBXTargetDependency section */

/* Begin PBXVariantGroup section */
		73C292F51FFEA58700A018EF /* Main.storyboard */ = {
			isa = PBXVariantGroup;
			children = (
				73C292F61FFEA58700A018EF /* Base */,
			);
			name = Main.storyboard;
			sourceTree = "<group>";
		};
		73C292FA1FFEA58800A018EF /* LaunchScreen.storyboard */ = {
			isa = PBXVariantGroup;
			children = (
				73C292FB1FFEA58800A018EF /* Base */,
			);
			name = LaunchScreen.storyboard;
			sourceTree = "<group>";
		};
/* End PBXVariantGroup section */

/* Begin XCBuildConfiguration section */
		73C293141FFEA58900A018EF /* Debug */ = {
			isa = XCBuildConfiguration;
			buildSettings = {
				ALWAYS_SEARCH_USER_PATHS = NO;
				CLANG_ANALYZER_NONNULL = YES;
				CLANG_ANALYZER_NUMBER_OBJECT_CONVERSION = YES_AGGRESSIVE;
				CLANG_CXX_LANGUAGE_STANDARD = "gnu++14";
				CLANG_CXX_LIBRARY = "libc++";
				CLANG_ENABLE_MODULES = YES;
				CLANG_ENABLE_OBJC_ARC = YES;
				CLANG_WARN_BLOCK_CAPTURE_AUTORELEASING = YES;
				CLANG_WARN_BOOL_CONVERSION = YES;
				CLANG_WARN_COMMA = YES;
				CLANG_WARN_CONSTANT_CONVERSION = YES;
				CLANG_WARN_DIRECT_OBJC_ISA_USAGE = YES_ERROR;
				CLANG_WARN_DOCUMENTATION_COMMENTS = YES;
				CLANG_WARN_EMPTY_BODY = YES;
				CLANG_WARN_ENUM_CONVERSION = YES;
				CLANG_WARN_INFINITE_RECURSION = YES;
				CLANG_WARN_INT_CONVERSION = YES;
				CLANG_WARN_NON_LITERAL_NULL_CONVERSION = YES;
				CLANG_WARN_OBJC_LITERAL_CONVERSION = YES;
				CLANG_WARN_OBJC_ROOT_CLASS = YES_ERROR;
				CLANG_WARN_RANGE_LOOP_ANALYSIS = YES;
				CLANG_WARN_STRICT_PROTOTYPES = YES;
				CLANG_WARN_SUSPICIOUS_MOVE = YES;
				CLANG_WARN_UNGUARDED_AVAILABILITY = YES_AGGRESSIVE;
				CLANG_WARN_UNREACHABLE_CODE = YES;
				CLANG_WARN__DUPLICATE_METHOD_MATCH = YES;
				CODE_SIGN_IDENTITY = "iPhone Developer";
				COPY_PHASE_STRIP = NO;
				DEBUG_INFORMATION_FORMAT = dwarf;
				ENABLE_STRICT_OBJC_MSGSEND = YES;
				ENABLE_TESTABILITY = YES;
				GCC_C_LANGUAGE_STANDARD = gnu11;
				GCC_DYNAMIC_NO_PIC = NO;
				GCC_NO_COMMON_BLOCKS = YES;
				GCC_OPTIMIZATION_LEVEL = 0;
				GCC_PREPROCESSOR_DEFINITIONS = (
					"DEBUG=1",
					"$(inherited)",
				);
				GCC_WARN_64_TO_32_BIT_CONVERSION = YES;
				GCC_WARN_ABOUT_RETURN_TYPE = YES_ERROR;
				GCC_WARN_UNDECLARED_SELECTOR = YES;
				GCC_WARN_UNINITIALIZED_AUTOS = YES_AGGRESSIVE;
				GCC_WARN_UNUSED_FUNCTION = YES;
				GCC_WARN_UNUSED_VARIABLE = YES;
				IPHONEOS_DEPLOYMENT_TARGET = 11.2;
				MTL_ENABLE_DEBUG_INFO = YES;
				ONLY_ACTIVE_ARCH = YES;
				SDKROOT = iphoneos;
				SWIFT_ACTIVE_COMPILATION_CONDITIONS = DEBUG;
				SWIFT_OPTIMIZATION_LEVEL = "-Onone";
			};
			name = Debug;
		};
		73C293151FFEA58900A018EF /* Release */ = {
			isa = XCBuildConfiguration;
			buildSettings = {
				ALWAYS_SEARCH_USER_PATHS = NO;
				CLANG_ANALYZER_NONNULL = YES;
				CLANG_ANALYZER_NUMBER_OBJECT_CONVERSION = YES_AGGRESSIVE;
				CLANG_CXX_LANGUAGE_STANDARD = "gnu++14";
				CLANG_CXX_LIBRARY = "libc++";
				CLANG_ENABLE_MODULES = YES;
				CLANG_ENABLE_OBJC_ARC = YES;
				CLANG_WARN_BLOCK_CAPTURE_AUTORELEASING = YES;
				CLANG_WARN_BOOL_CONVERSION = YES;
				CLANG_WARN_COMMA = YES;
				CLANG_WARN_CONSTANT_CONVERSION = YES;
				CLANG_WARN_DIRECT_OBJC_ISA_USAGE = YES_ERROR;
				CLANG_WARN_DOCUMENTATION_COMMENTS = YES;
				CLANG_WARN_EMPTY_BODY = YES;
				CLANG_WARN_ENUM_CONVERSION = YES;
				CLANG_WARN_INFINITE_RECURSION = YES;
				CLANG_WARN_INT_CONVERSION = YES;
				CLANG_WARN_NON_LITERAL_NULL_CONVERSION = YES;
				CLANG_WARN_OBJC_LITERAL_CONVERSION = YES;
				CLANG_WARN_OBJC_ROOT_CLASS = YES_ERROR;
				CLANG_WARN_RANGE_LOOP_ANALYSIS = YES;
				CLANG_WARN_STRICT_PROTOTYPES = YES;
				CLANG_WARN_SUSPICIOUS_MOVE = YES;
				CLANG_WARN_UNGUARDED_AVAILABILITY = YES_AGGRESSIVE;
				CLANG_WARN_UNREACHABLE_CODE = YES;
				CLANG_WARN__DUPLICATE_METHOD_MATCH = YES;
				CODE_SIGN_IDENTITY = "iPhone Developer";
				COPY_PHASE_STRIP = NO;
				DEBUG_INFORMATION_FORMAT = "dwarf-with-dsym";
				ENABLE_NS_ASSERTIONS = NO;
				ENABLE_STRICT_OBJC_MSGSEND = YES;
				GCC_C_LANGUAGE_STANDARD = gnu11;
				GCC_NO_COMMON_BLOCKS = YES;
				GCC_WARN_64_TO_32_BIT_CONVERSION = YES;
				GCC_WARN_ABOUT_RETURN_TYPE = YES_ERROR;
				GCC_WARN_UNDECLARED_SELECTOR = YES;
				GCC_WARN_UNINITIALIZED_AUTOS = YES_AGGRESSIVE;
				GCC_WARN_UNUSED_FUNCTION = YES;
				GCC_WARN_UNUSED_VARIABLE = YES;
				IPHONEOS_DEPLOYMENT_TARGET = 11.2;
				MTL_ENABLE_DEBUG_INFO = NO;
				SDKROOT = iphoneos;
				SWIFT_OPTIMIZATION_LEVEL = "-Owholemodule";
				VALIDATE_PRODUCT = YES;
			};
			name = Release;
		};
		73C293171FFEA58900A018EF /* Debug */ = {
			isa = XCBuildConfiguration;
			buildSettings = {
				ASSETCATALOG_COMPILER_APPICON_NAME = AppIcon;
				CODE_SIGN_STYLE = Automatic;
				INFOPLIST_FILE = Tippy/Info.plist;
				LD_RUNPATH_SEARCH_PATHS = "$(inherited) @executable_path/Frameworks";
				PRODUCT_BUNDLE_IDENTIFIER = com.paolomartinez.Tippy;
				PRODUCT_NAME = "$(TARGET_NAME)";
				SWIFT_VERSION = 4.0;
				TARGETED_DEVICE_FAMILY = "1,2";
			};
			name = Debug;
		};
		73C293181FFEA58900A018EF /* Release */ = {
			isa = XCBuildConfiguration;
			buildSettings = {
				ASSETCATALOG_COMPILER_APPICON_NAME = AppIcon;
				CODE_SIGN_STYLE = Automatic;
				INFOPLIST_FILE = Tippy/Info.plist;
				LD_RUNPATH_SEARCH_PATHS = "$(inherited) @executable_path/Frameworks";
				PRODUCT_BUNDLE_IDENTIFIER = com.paolomartinez.Tippy;
				PRODUCT_NAME = "$(TARGET_NAME)";
				SWIFT_VERSION = 4.0;
				TARGETED_DEVICE_FAMILY = "1,2";
			};
			name = Release;
		};
		73C2931A1FFEA58900A018EF /* Debug */ = {
			isa = XCBuildConfiguration;
			buildSettings = {
				ALWAYS_EMBED_SWIFT_STANDARD_LIBRARIES = YES;
				BUNDLE_LOADER = "$(TEST_HOST)";
				CODE_SIGN_STYLE = Automatic;
				INFOPLIST_FILE = TippyTests/Info.plist;
				LD_RUNPATH_SEARCH_PATHS = "$(inherited) @executable_path/Frameworks @loader_path/Frameworks";
				PRODUCT_BUNDLE_IDENTIFIER = com.paolomartinez.TippyTests;
				PRODUCT_NAME = "$(TARGET_NAME)";
				SWIFT_VERSION = 4.0;
				TARGETED_DEVICE_FAMILY = "1,2";
				TEST_HOST = "$(BUILT_PRODUCTS_DIR)/Tippy.app/Tippy";
			};
			name = Debug;
		};
		73C2931B1FFEA58900A018EF /* Release */ = {
			isa = XCBuildConfiguration;
			buildSettings = {
				ALWAYS_EMBED_SWIFT_STANDARD_LIBRARIES = YES;
				BUNDLE_LOADER = "$(TEST_HOST)";
				CODE_SIGN_STYLE = Automatic;
				INFOPLIST_FILE = TippyTests/Info.plist;
				LD_RUNPATH_SEARCH_PATHS = "$(inherited) @executable_path/Frameworks @loader_path/Frameworks";
				PRODUCT_BUNDLE_IDENTIFIER = com.paolomartinez.TippyTests;
				PRODUCT_NAME = "$(TARGET_NAME)";
				SWIFT_VERSION = 4.0;
				TARGETED_DEVICE_FAMILY = "1,2";
				TEST_HOST = "$(BUILT_PRODUCTS_DIR)/Tippy.app/Tippy";
			};
			name = Release;
		};
		73C2931D1FFEA58900A018EF /* Debug */ = {
			isa = XCBuildConfiguration;
			buildSettings = {
				ALWAYS_EMBED_SWIFT_STANDARD_LIBRARIES = YES;
				CODE_SIGN_STYLE = Automatic;
				INFOPLIST_FILE = TippyUITests/Info.plist;
				LD_RUNPATH_SEARCH_PATHS = "$(inherited) @executable_path/Frameworks @loader_path/Frameworks";
				PRODUCT_BUNDLE_IDENTIFIER = com.paolomartinez.TippyUITests;
				PRODUCT_NAME = "$(TARGET_NAME)";
				SWIFT_VERSION = 4.0;
				TARGETED_DEVICE_FAMILY = "1,2";
				TEST_TARGET_NAME = Tippy;
			};
			name = Debug;
		};
		73C2931E1FFEA58900A018EF /* Release */ = {
			isa = XCBuildConfiguration;
			buildSettings = {
				ALWAYS_EMBED_SWIFT_STANDARD_LIBRARIES = YES;
				CODE_SIGN_STYLE = Automatic;
				INFOPLIST_FILE = TippyUITests/Info.plist;
				LD_RUNPATH_SEARCH_PATHS = "$(inherited) @executable_path/Frameworks @loader_path/Frameworks";
				PRODUCT_BUNDLE_IDENTIFIER = com.paolomartinez.TippyUITests;
				PRODUCT_NAME = "$(TARGET_NAME)";
				SWIFT_VERSION = 4.0;
				TARGETED_DEVICE_FAMILY = "1,2";
				TEST_TARGET_NAME = Tippy;
			};
			name = Release;
		};
/* End XCBuildConfiguration section */

/* Begin XCConfigurationList section */
		73C292E91FFEA58500A018EF /* Build configuration list for PBXProject "Tippy" */ = {
			isa = XCConfigurationList;
			buildConfigurations = (
				73C293141FFEA58900A018EF /* Debug */,
				73C293151FFEA58900A018EF /* Release */,
			);
			defaultConfigurationIsVisible = 0;
			defaultConfigurationName = Release;
		};
		73C293161FFEA58900A018EF /* Build configuration list for PBXNativeTarget "Tippy" */ = {
			isa = XCConfigurationList;
			buildConfigurations = (
				73C293171FFEA58900A018EF /* Debug */,
				73C293181FFEA58900A018EF /* Release */,
			);
			defaultConfigurationIsVisible = 0;
			defaultConfigurationName = Release;
		};
		73C293191FFEA58900A018EF /* Build configuration list for PBXNativeTarget "TippyTests" */ = {
			isa = XCConfigurationList;
			buildConfigurations = (
				73C2931A1FFEA58900A018EF /* Debug */,
				73C2931B1FFEA58900A018EF /* Release */,
			);
			defaultConfigurationIsVisible = 0;
			defaultConfigurationName = Release;
		};
		73C2931C1FFEA58900A018EF /* Build configuration list for PBXNativeTarget "TippyUITests" */ = {
			isa = XCConfigurationList;
			buildConfigurations = (
				73C2931D1FFEA58900A018EF /* Debug */,
				73C2931E1FFEA58900A018EF /* Release */,
			);
			defaultConfigurationIsVisible = 0;
			defaultConfigurationName = Release;
		};
/* End XCConfigurationList section */
	};
	rootObject = 73C292E61FFEA58500A018EF /* Project object */;
}
